
Microsoft Visual Studio Solution File, Format Version 12.00
# Visual Studio Version 17
VisualStudioVersion = 17.14.36109.1
MinimumVisualStudioVersion = 10.0.40219.1
Project("{2150E333-8FDC-42A3-9474-1A3956D46DE8}") = "src", "src", "{02EA681E-C7D8-13C7-8484-4AC65E1B71E8}"
EndProject
Project("{2150E333-8FDC-42A3-9474-1A3956D46DE8}") = "BuildingBlocks", "BuildingBlocks", "{CC560A87-8DB2-43B9-9127-F7E676B9E1D9}"
EndProject
Project("{2150E333-8FDC-42A3-9474-1A3956D46DE8}") = "Services", "Services", "{7CCE1460-B376-47A9-A6D4-C8BE5E6A1168}"
EndProject
Project("{2150E333-8FDC-42A3-9474-1A3956D46DE8}") = "Core", "Core", "{8A59BC14-1C82-4605-A158-DB160C79C4A0}"
EndProject
Project("{2150E333-8FDC-42A3-9474-1A3956D46DE8}") = "Financeiro", "Financeiro", "{DDDCCAB8-5794-4493-B926-E9766B9ACE68}"
EndProject
Project("{FAE04EC0-301F-11D3-BF4B-00C04F79EFBC}") = "EducaOnline.Financeiro.API", "src\services\EducaOnline.Financeiro.API\EducaOnline.Financeiro.API.csproj", "{71E56D90-C760-447C-B948-9DF249A19F02}"
EndProject
Project("{2150E333-8FDC-42A3-9474-1A3956D46DE8}") = "Aluno", "Aluno", "{77F3EC4D-F27B-4D76-9E4A-B882004BFC45}"
EndProject
Project("{FAE04EC0-301F-11D3-BF4B-00C04F79EFBC}") = "EducaOnline.Aluno.API", "src\services\EducaOnline.Aluno.API\EducaOnline.Aluno.API.csproj", "{CCAD88BE-2496-4ADA-91E1-F240C017BA1D}"
EndProject
Project("{2150E333-8FDC-42A3-9474-1A3956D46DE8}") = "Conteudo", "Conteudo", "{687412E1-A845-47D0-815B-D1DD63DECD62}"
EndProject
Project("{FAE04EC0-301F-11D3-BF4B-00C04F79EFBC}") = "EducaOnline.Conteudo.API", "src\services\EducaOnline.Conteudo.API\EducaOnline.Conteudo.API.csproj", "{5E2D2341-9E39-484A-BC06-A93AD45A7979}"
EndProject
Project("{FAE04EC0-301F-11D3-BF4B-00C04F79EFBC}") = "EducaOnline.Core", "src\building_blocks\EducaOnline.Core\EducaOnline.Core.csproj", "{2FA784C5-9AE1-4028-8B2C-B2E54ACD3132}"
EndProject
Project("{2150E333-8FDC-42A3-9474-1A3956D46DE8}") = "Identidade", "Identidade", "{635B1F07-EF7F-44A7-ABD6-3B386008CBED}"
EndProject
Project("{FAE04EC0-301F-11D3-BF4B-00C04F79EFBC}") = "EducaOnline.Identidade.API", "src\services\EducaOnline.Identidade.API\EducaOnline.Identidade.API.csproj", "{29DB7109-2F0A-48A6-9587-D078085543B6}"
EndProject
Project("{2150E333-8FDC-42A3-9474-1A3956D46DE8}") = "Services", "Services", "{1C4F3D9B-1263-4DDC-8B50-D0A44F64A55B}"
EndProject
Project("{FAE04EC0-301F-11D3-BF4B-00C04F79EFBC}") = "EducaOnline.WebAPI.Core", "src\building_blocks\EducaOnline.WebAPI.Core\EducaOnline.WebAPI.Core.csproj", "{EC6FB693-1A14-46EE-91BA-9D56536D28BE}"
EndProject
Project("{2150E333-8FDC-42A3-9474-1A3956D46DE8}") = "MessageBus", "MessageBus", "{82922228-C37C-4C70-8D6D-196645EEEA9A}"
EndProject
Project("{FAE04EC0-301F-11D3-BF4B-00C04F79EFBC}") = "EducaOnline.MessageBus", "src\building_blocks\EducaOnline.MessageBus\EducaOnline.MessageBus.csproj", "{9A343B14-33F6-46F4-B958-C63DE5876792}"
EndProject
Project("{FAE04EC0-301F-11D3-BF4B-00C04F79EFBC}") = "EducaOnline.Financeiro.Pagamentos", "src\services\EducaOnline.Financeiro.Pagamentos\EducaOnline.Financeiro.Pagamentos.csproj", "{4FAEFA11-14CE-4043-95D1-63281CF4915E}"
EndProject
Project("{2150E333-8FDC-42A3-9474-1A3956D46DE8}") = "Pedidos", "Pedidos", "{463A7642-7937-4DB6-B1B3-CA8FF28606C6}"
EndProject
Project("{FAE04EC0-301F-11D3-BF4B-00C04F79EFBC}") = "EducaOnline.Pedidos.API", "src\services\Educaonline.Pedidos.API\EducaOnline.Pedidos.API.csproj", "{27AC334E-E37E-4D0B-BEC8-024B6198794E}"
EndProject
Project("{2150E333-8FDC-42A3-9474-1A3956D46DE8}") = "ApiGateways", "ApiGateways", "{D8FE215A-42BC-46F4-96C6-A2C02ED0CBD6}"
EndProject
Project("{2150E333-8FDC-42A3-9474-1A3956D46DE8}") = "Compras", "Compras", "{2802343E-A1AE-47B8-904E-227479237B24}"
EndProject
Project("{FAE04EC0-301F-11D3-BF4B-00C04F79EFBC}") = "EducaOnline.Bff", "src\api-gateways\EducaOnline.Bff\EducaOnline.Bff.csproj", "{9B71C015-9B73-2460-3798-A94CF30915A9}"
EndProject
Global
	GlobalSection(SolutionConfigurationPlatforms) = preSolution
		Debug|Any CPU = Debug|Any CPU
		Release|Any CPU = Release|Any CPU
	EndGlobalSection
	GlobalSection(ProjectConfigurationPlatforms) = postSolution
		{71E56D90-C760-447C-B948-9DF249A19F02}.Debug|Any CPU.ActiveCfg = Debug|Any CPU
		{71E56D90-C760-447C-B948-9DF249A19F02}.Debug|Any CPU.Build.0 = Debug|Any CPU
		{71E56D90-C760-447C-B948-9DF249A19F02}.Release|Any CPU.ActiveCfg = Release|Any CPU
		{71E56D90-C760-447C-B948-9DF249A19F02}.Release|Any CPU.Build.0 = Release|Any CPU
		{CCAD88BE-2496-4ADA-91E1-F240C017BA1D}.Debug|Any CPU.ActiveCfg = Debug|Any CPU
		{CCAD88BE-2496-4ADA-91E1-F240C017BA1D}.Debug|Any CPU.Build.0 = Debug|Any CPU
		{CCAD88BE-2496-4ADA-91E1-F240C017BA1D}.Release|Any CPU.ActiveCfg = Release|Any CPU
		{CCAD88BE-2496-4ADA-91E1-F240C017BA1D}.Release|Any CPU.Build.0 = Release|Any CPU
		{5E2D2341-9E39-484A-BC06-A93AD45A7979}.Debug|Any CPU.ActiveCfg = Debug|Any CPU
		{5E2D2341-9E39-484A-BC06-A93AD45A7979}.Debug|Any CPU.Build.0 = Debug|Any CPU
		{5E2D2341-9E39-484A-BC06-A93AD45A7979}.Release|Any CPU.ActiveCfg = Release|Any CPU
		{5E2D2341-9E39-484A-BC06-A93AD45A7979}.Release|Any CPU.Build.0 = Release|Any CPU
		{2FA784C5-9AE1-4028-8B2C-B2E54ACD3132}.Debug|Any CPU.ActiveCfg = Debug|Any CPU
		{2FA784C5-9AE1-4028-8B2C-B2E54ACD3132}.Debug|Any CPU.Build.0 = Debug|Any CPU
		{2FA784C5-9AE1-4028-8B2C-B2E54ACD3132}.Release|Any CPU.ActiveCfg = Release|Any CPU
		{2FA784C5-9AE1-4028-8B2C-B2E54ACD3132}.Release|Any CPU.Build.0 = Release|Any CPU
		{29DB7109-2F0A-48A6-9587-D078085543B6}.Debug|Any CPU.ActiveCfg = Debug|Any CPU
		{29DB7109-2F0A-48A6-9587-D078085543B6}.Debug|Any CPU.Build.0 = Debug|Any CPU
		{29DB7109-2F0A-48A6-9587-D078085543B6}.Release|Any CPU.ActiveCfg = Release|Any CPU
		{29DB7109-2F0A-48A6-9587-D078085543B6}.Release|Any CPU.Build.0 = Release|Any CPU
		{EC6FB693-1A14-46EE-91BA-9D56536D28BE}.Debug|Any CPU.ActiveCfg = Debug|Any CPU
		{EC6FB693-1A14-46EE-91BA-9D56536D28BE}.Debug|Any CPU.Build.0 = Debug|Any CPU
		{EC6FB693-1A14-46EE-91BA-9D56536D28BE}.Release|Any CPU.ActiveCfg = Release|Any CPU
		{EC6FB693-1A14-46EE-91BA-9D56536D28BE}.Release|Any CPU.Build.0 = Release|Any CPU
		{9A343B14-33F6-46F4-B958-C63DE5876792}.Debug|Any CPU.ActiveCfg = Debug|Any CPU
		{9A343B14-33F6-46F4-B958-C63DE5876792}.Debug|Any CPU.Build.0 = Debug|Any CPU
		{9A343B14-33F6-46F4-B958-C63DE5876792}.Release|Any CPU.ActiveCfg = Release|Any CPU
		{9A343B14-33F6-46F4-B958-C63DE5876792}.Release|Any CPU.Build.0 = Release|Any CPU
		{4FAEFA11-14CE-4043-95D1-63281CF4915E}.Debug|Any CPU.ActiveCfg = Debug|Any CPU
		{4FAEFA11-14CE-4043-95D1-63281CF4915E}.Debug|Any CPU.Build.0 = Debug|Any CPU
		{4FAEFA11-14CE-4043-95D1-63281CF4915E}.Release|Any CPU.ActiveCfg = Release|Any CPU
		{4FAEFA11-14CE-4043-95D1-63281CF4915E}.Release|Any CPU.Build.0 = Release|Any CPU
		{27AC334E-E37E-4D0B-BEC8-024B6198794E}.Debug|Any CPU.ActiveCfg = Debug|Any CPU
		{27AC334E-E37E-4D0B-BEC8-024B6198794E}.Debug|Any CPU.Build.0 = Debug|Any CPU
		{27AC334E-E37E-4D0B-BEC8-024B6198794E}.Release|Any CPU.ActiveCfg = Release|Any CPU
		{27AC334E-E37E-4D0B-BEC8-024B6198794E}.Release|Any CPU.Build.0 = Release|Any CPU
		{9B71C015-9B73-2460-3798-A94CF30915A9}.Debug|Any CPU.ActiveCfg = Debug|Any CPU
		{9B71C015-9B73-2460-3798-A94CF30915A9}.Debug|Any CPU.Build.0 = Debug|Any CPU
		{9B71C015-9B73-2460-3798-A94CF30915A9}.Release|Any CPU.ActiveCfg = Release|Any CPU
		{9B71C015-9B73-2460-3798-A94CF30915A9}.Release|Any CPU.Build.0 = Release|Any CPU
	EndGlobalSection
	GlobalSection(SolutionProperties) = preSolution
		HideSolutionNode = FALSE
	EndGlobalSection
	GlobalSection(NestedProjects) = preSolution
		{CC560A87-8DB2-43B9-9127-F7E676B9E1D9} = {02EA681E-C7D8-13C7-8484-4AC65E1B71E8}
		{7CCE1460-B376-47A9-A6D4-C8BE5E6A1168} = {02EA681E-C7D8-13C7-8484-4AC65E1B71E8}
		{8A59BC14-1C82-4605-A158-DB160C79C4A0} = {CC560A87-8DB2-43B9-9127-F7E676B9E1D9}
		{DDDCCAB8-5794-4493-B926-E9766B9ACE68} = {7CCE1460-B376-47A9-A6D4-C8BE5E6A1168}
		{71E56D90-C760-447C-B948-9DF249A19F02} = {DDDCCAB8-5794-4493-B926-E9766B9ACE68}
		{77F3EC4D-F27B-4D76-9E4A-B882004BFC45} = {7CCE1460-B376-47A9-A6D4-C8BE5E6A1168}
		{CCAD88BE-2496-4ADA-91E1-F240C017BA1D} = {77F3EC4D-F27B-4D76-9E4A-B882004BFC45}
		{687412E1-A845-47D0-815B-D1DD63DECD62} = {7CCE1460-B376-47A9-A6D4-C8BE5E6A1168}
		{5E2D2341-9E39-484A-BC06-A93AD45A7979} = {687412E1-A845-47D0-815B-D1DD63DECD62}
		{2FA784C5-9AE1-4028-8B2C-B2E54ACD3132} = {8A59BC14-1C82-4605-A158-DB160C79C4A0}
		{635B1F07-EF7F-44A7-ABD6-3B386008CBED} = {7CCE1460-B376-47A9-A6D4-C8BE5E6A1168}
		{29DB7109-2F0A-48A6-9587-D078085543B6} = {635B1F07-EF7F-44A7-ABD6-3B386008CBED}
		{1C4F3D9B-1263-4DDC-8B50-D0A44F64A55B} = {CC560A87-8DB2-43B9-9127-F7E676B9E1D9}
		{EC6FB693-1A14-46EE-91BA-9D56536D28BE} = {1C4F3D9B-1263-4DDC-8B50-D0A44F64A55B}
		{82922228-C37C-4C70-8D6D-196645EEEA9A} = {CC560A87-8DB2-43B9-9127-F7E676B9E1D9}
		{9A343B14-33F6-46F4-B958-C63DE5876792} = {82922228-C37C-4C70-8D6D-196645EEEA9A}
		{4FAEFA11-14CE-4043-95D1-63281CF4915E} = {DDDCCAB8-5794-4493-B926-E9766B9ACE68}
		{463A7642-7937-4DB6-B1B3-CA8FF28606C6} = {7CCE1460-B376-47A9-A6D4-C8BE5E6A1168}
		{27AC334E-E37E-4D0B-BEC8-024B6198794E} = {463A7642-7937-4DB6-B1B3-CA8FF28606C6}
		{D8FE215A-42BC-46F4-96C6-A2C02ED0CBD6} = {02EA681E-C7D8-13C7-8484-4AC65E1B71E8}
		{2802343E-A1AE-47B8-904E-227479237B24} = {D8FE215A-42BC-46F4-96C6-A2C02ED0CBD6}
		{9B71C015-9B73-2460-3798-A94CF30915A9} = {2802343E-A1AE-47B8-904E-227479237B24}
	EndGlobalSection
	GlobalSection(ExtensibilityGlobals) = postSolution
		SolutionGuid = {DCD17264-9810-41B3-8DEC-849368893E01}
	EndGlobalSection
EndGlobal
